// !$*UTF8*$!
{
	archiveVersion = 1;
	classes = {
	};
	objectVersion = 55;
	objects = {

/* Begin PBXBuildFile section */
		2B59A17F28398C340062F40F /* FilmesBuscaTableViewCell.swift in Sources */ = {isa = PBXBuildFile; fileRef = 2B59A17E28398C340062F40F /* FilmesBuscaTableViewCell.swift */; };
		2B59A183283993D40062F40F /* FilmesFiltroCollectionViewCell.swift in Sources */ = {isa = PBXBuildFile; fileRef = 2B59A182283993D40062F40F /* FilmesFiltroCollectionViewCell.swift */; };
		2B59A185283998640062F40F /* AmigoTableViewCell.swift in Sources */ = {isa = PBXBuildFile; fileRef = 2B59A184283998640062F40F /* AmigoTableViewCell.swift */; };
		2B59A1872839C1AA0062F40F /* Filme.swift in Sources */ = {isa = PBXBuildFile; fileRef = 2B59A1862839C1AA0062F40F /* Filme.swift */; };
		2B59A1892839C35E0062F40F /* Amigo.swift in Sources */ = {isa = PBXBuildFile; fileRef = 2B59A1882839C35E0062F40F /* Amigo.swift */; };
		2B59A18B2839C5CB0062F40F /* ServiceFilmes.swift in Sources */ = {isa = PBXBuildFile; fileRef = 2B59A18A2839C5CB0062F40F /* ServiceFilmes.swift */; };
		2B956E5E283974FE00D90284 /* AppDelegate.swift in Sources */ = {isa = PBXBuildFile; fileRef = 2B956E5D283974FE00D90284 /* AppDelegate.swift */; };
		2B956E60283974FE00D90284 /* SceneDelegate.swift in Sources */ = {isa = PBXBuildFile; fileRef = 2B956E5F283974FE00D90284 /* SceneDelegate.swift */; };
		2B956E65283974FE00D90284 /* Main.storyboard in Resources */ = {isa = PBXBuildFile; fileRef = 2B956E63283974FE00D90284 /* Main.storyboard */; };
		2B956E67283974FF00D90284 /* Assets.xcassets in Resources */ = {isa = PBXBuildFile; fileRef = 2B956E66283974FF00D90284 /* Assets.xcassets */; };
		2B956E6A283974FF00D90284 /* LaunchScreen.storyboard in Resources */ = {isa = PBXBuildFile; fileRef = 2B956E68283974FF00D90284 /* LaunchScreen.storyboard */; };
		2B956E75283974FF00D90284 /* appSexta13Tests.swift in Sources */ = {isa = PBXBuildFile; fileRef = 2B956E74283974FF00D90284 /* appSexta13Tests.swift */; };
		2B956E7F2839750000D90284 /* appSexta13UITests.swift in Sources */ = {isa = PBXBuildFile; fileRef = 2B956E7E2839750000D90284 /* appSexta13UITests.swift */; };
		2B956E812839750000D90284 /* appSexta13UITestsLaunchTests.swift in Sources */ = {isa = PBXBuildFile; fileRef = 2B956E802839750000D90284 /* appSexta13UITestsLaunchTests.swift */; };
		2B956E932839769700D90284 /* HomeViewController.swift in Sources */ = {isa = PBXBuildFile; fileRef = 2B956E922839769700D90284 /* HomeViewController.swift */; };
		2B956E952839782E00D90284 /* BuscaViewController.swift in Sources */ = {isa = PBXBuildFile; fileRef = 2B956E942839782E00D90284 /* BuscaViewController.swift */; };
		2B956E972839788500D90284 /* FiltroViewController.swift in Sources */ = {isa = PBXBuildFile; fileRef = 2B956E962839788500D90284 /* FiltroViewController.swift */; };
		2B956E992839789900D90284 /* AmigosViewController.swift in Sources */ = {isa = PBXBuildFile; fileRef = 2B956E982839789900D90284 /* AmigosViewController.swift */; };
		2B956E9B283978A800D90284 /* ConfigsViewController.swift in Sources */ = {isa = PBXBuildFile; fileRef = 2B956E9A283978A800D90284 /* ConfigsViewController.swift */; };
		2B956E9D28397D8200D90284 /* FilmesHomeCollectionViewCell.swift in Sources */ = {isa = PBXBuildFile; fileRef = 2B956E9C28397D8200D90284 /* FilmesHomeCollectionViewCell.swift */; };
		2BF3B383283AEB5D006D4BF7 /* ServiceAmigos.swift in Sources */ = {isa = PBXBuildFile; fileRef = 2BF3B382283AEB5D006D4BF7 /* ServiceAmigos.swift */; };
		2BF3B386283AF077006D4BF7 /* Filmes.swift in Sources */ = {isa = PBXBuildFile; fileRef = 2BF3B385283AF077006D4BF7 /* Filmes.swift */; };
		2BF3B389283B0476006D4BF7 /* InfoAmigoViewController.swift in Sources */ = {isa = PBXBuildFile; fileRef = 2BF3B388283B0476006D4BF7 /* InfoAmigoViewController.swift */; };
		2BF3B38B283B0AD2006D4BF7 /* FilmesAmigoCollectionViewCell.swift in Sources */ = {isa = PBXBuildFile; fileRef = 2BF3B38A283B0AD2006D4BF7 /* FilmesAmigoCollectionViewCell.swift */; };
		2BF3B38E283B328C006D4BF7 /* DetalhesFilmeViewController.swift in Sources */ = {isa = PBXBuildFile; fileRef = 2BF3B38D283B328C006D4BF7 /* DetalhesFilmeViewController.swift */; };
/* End PBXBuildFile section */

/* Begin PBXContainerItemProxy section */
		2B956E71283974FF00D90284 /* PBXContainerItemProxy */ = {
			isa = PBXContainerItemProxy;
			containerPortal = 2B956E52283974FE00D90284 /* Project object */;
			proxyType = 1;
			remoteGlobalIDString = 2B956E59283974FE00D90284;
			remoteInfo = appSexta13;
		};
		2B956E7B2839750000D90284 /* PBXContainerItemProxy */ = {
			isa = PBXContainerItemProxy;
			containerPortal = 2B956E52283974FE00D90284 /* Project object */;
			proxyType = 1;
			remoteGlobalIDString = 2B956E59283974FE00D90284;
			remoteInfo = appSexta13;
		};
/* End PBXContainerItemProxy section */

/* Begin PBXFileReference section */
		2B59A17E28398C340062F40F /* FilmesBuscaTableViewCell.swift */ = {isa = PBXFileReference; lastKnownFileType = sourcecode.swift; path = FilmesBuscaTableViewCell.swift; sourceTree = "<group>"; };
		2B59A182283993D40062F40F /* FilmesFiltroCollectionViewCell.swift */ = {isa = PBXFileReference; lastKnownFileType = sourcecode.swift; path = FilmesFiltroCollectionViewCell.swift; sourceTree = "<group>"; };
		2B59A184283998640062F40F /* AmigoTableViewCell.swift */ = {isa = PBXFileReference; lastKnownFileType = sourcecode.swift; path = AmigoTableViewCell.swift; sourceTree = "<group>"; };
		2B59A1862839C1AA0062F40F /* Filme.swift */ = {isa = PBXFileReference; lastKnownFileType = sourcecode.swift; path = Filme.swift; sourceTree = "<group>"; };
		2B59A1882839C35E0062F40F /* Amigo.swift */ = {isa = PBXFileReference; lastKnownFileType = sourcecode.swift; path = Amigo.swift; sourceTree = "<group>"; };
		2B59A18A2839C5CB0062F40F /* ServiceFilmes.swift */ = {isa = PBXFileReference; lastKnownFileType = sourcecode.swift; path = ServiceFilmes.swift; sourceTree = "<group>"; };
		2B956E5A283974FE00D90284 /* appSexta13.app */ = {isa = PBXFileReference; explicitFileType = wrapper.application; includeInIndex = 0; path = appSexta13.app; sourceTree = BUILT_PRODUCTS_DIR; };
		2B956E5D283974FE00D90284 /* AppDelegate.swift */ = {isa = PBXFileReference; lastKnownFileType = sourcecode.swift; path = AppDelegate.swift; sourceTree = "<group>"; };
		2B956E5F283974FE00D90284 /* SceneDelegate.swift */ = {isa = PBXFileReference; lastKnownFileType = sourcecode.swift; path = SceneDelegate.swift; sourceTree = "<group>"; };
		2B956E64283974FE00D90284 /* Base */ = {isa = PBXFileReference; lastKnownFileType = file.storyboard; name = Base; path = Base.lproj/Main.storyboard; sourceTree = "<group>"; };
		2B956E66283974FF00D90284 /* Assets.xcassets */ = {isa = PBXFileReference; lastKnownFileType = folder.assetcatalog; path = Assets.xcassets; sourceTree = "<group>"; };
		2B956E69283974FF00D90284 /* Base */ = {isa = PBXFileReference; lastKnownFileType = file.storyboard; name = Base; path = Base.lproj/LaunchScreen.storyboard; sourceTree = "<group>"; };
		2B956E6B283974FF00D90284 /* Info.plist */ = {isa = PBXFileReference; lastKnownFileType = text.plist.xml; path = Info.plist; sourceTree = "<group>"; };
		2B956E70283974FF00D90284 /* appSexta13Tests.xctest */ = {isa = PBXFileReference; explicitFileType = wrapper.cfbundle; includeInIndex = 0; path = appSexta13Tests.xctest; sourceTree = BUILT_PRODUCTS_DIR; };
		2B956E74283974FF00D90284 /* appSexta13Tests.swift */ = {isa = PBXFileReference; lastKnownFileType = sourcecode.swift; path = appSexta13Tests.swift; sourceTree = "<group>"; };
		2B956E7A2839750000D90284 /* appSexta13UITests.xctest */ = {isa = PBXFileReference; explicitFileType = wrapper.cfbundle; includeInIndex = 0; path = appSexta13UITests.xctest; sourceTree = BUILT_PRODUCTS_DIR; };
		2B956E7E2839750000D90284 /* appSexta13UITests.swift */ = {isa = PBXFileReference; lastKnownFileType = sourcecode.swift; path = appSexta13UITests.swift; sourceTree = "<group>"; };
		2B956E802839750000D90284 /* appSexta13UITestsLaunchTests.swift */ = {isa = PBXFileReference; lastKnownFileType = sourcecode.swift; path = appSexta13UITestsLaunchTests.swift; sourceTree = "<group>"; };
		2B956E922839769700D90284 /* HomeViewController.swift */ = {isa = PBXFileReference; lastKnownFileType = sourcecode.swift; path = HomeViewController.swift; sourceTree = "<group>"; };
		2B956E942839782E00D90284 /* BuscaViewController.swift */ = {isa = PBXFileReference; lastKnownFileType = sourcecode.swift; path = BuscaViewController.swift; sourceTree = "<group>"; };
		2B956E962839788500D90284 /* FiltroViewController.swift */ = {isa = PBXFileReference; lastKnownFileType = sourcecode.swift; path = FiltroViewController.swift; sourceTree = "<group>"; };
		2B956E982839789900D90284 /* AmigosViewController.swift */ = {isa = PBXFileReference; lastKnownFileType = sourcecode.swift; path = AmigosViewController.swift; sourceTree = "<group>"; };
		2B956E9A283978A800D90284 /* ConfigsViewController.swift */ = {isa = PBXFileReference; lastKnownFileType = sourcecode.swift; path = ConfigsViewController.swift; sourceTree = "<group>"; };
		2B956E9C28397D8200D90284 /* FilmesHomeCollectionViewCell.swift */ = {isa = PBXFileReference; lastKnownFileType = sourcecode.swift; path = FilmesHomeCollectionViewCell.swift; sourceTree = "<group>"; };
		2BF3B382283AEB5D006D4BF7 /* ServiceAmigos.swift */ = {isa = PBXFileReference; lastKnownFileType = sourcecode.swift; path = ServiceAmigos.swift; sourceTree = "<group>"; };
		2BF3B385283AF077006D4BF7 /* Filmes.swift */ = {isa = PBXFileReference; lastKnownFileType = sourcecode.swift; path = Filmes.swift; sourceTree = "<group>"; };
		2BF3B388283B0476006D4BF7 /* InfoAmigoViewController.swift */ = {isa = PBXFileReference; lastKnownFileType = sourcecode.swift; path = InfoAmigoViewController.swift; sourceTree = "<group>"; };
		2BF3B38A283B0AD2006D4BF7 /* FilmesAmigoCollectionViewCell.swift */ = {isa = PBXFileReference; lastKnownFileType = sourcecode.swift; path = FilmesAmigoCollectionViewCell.swift; sourceTree = "<group>"; };
		2BF3B38D283B328C006D4BF7 /* DetalhesFilmeViewController.swift */ = {isa = PBXFileReference; lastKnownFileType = sourcecode.swift; path = DetalhesFilmeViewController.swift; sourceTree = "<group>"; };
/* End PBXFileReference section */

/* Begin PBXFrameworksBuildPhase section */
		2B956E57283974FE00D90284 /* Frameworks */ = {
			isa = PBXFrameworksBuildPhase;
			buildActionMask = 2147483647;
			files = (
			);
			runOnlyForDeploymentPostprocessing = 0;
		};
		2B956E6D283974FF00D90284 /* Frameworks */ = {
			isa = PBXFrameworksBuildPhase;
			buildActionMask = 2147483647;
			files = (
			);
			runOnlyForDeploymentPostprocessing = 0;
		};
		2B956E772839750000D90284 /* Frameworks */ = {
			isa = PBXFrameworksBuildPhase;
			buildActionMask = 2147483647;
			files = (
			);
			runOnlyForDeploymentPostprocessing = 0;
		};
/* End PBXFrameworksBuildPhase section */

/* Begin PBXGroup section */
		2B956E51283974FE00D90284 = {
			isa = PBXGroup;
			children = (
				2B956E5C283974FE00D90284 /* appSexta13 */,
				2B956E73283974FF00D90284 /* appSexta13Tests */,
				2B956E7D2839750000D90284 /* appSexta13UITests */,
				2B956E5B283974FE00D90284 /* Products */,
			);
			sourceTree = "<group>";
		};
		2B956E5B283974FE00D90284 /* Products */ = {
			isa = PBXGroup;
			children = (
				2B956E5A283974FE00D90284 /* appSexta13.app */,
				2B956E70283974FF00D90284 /* appSexta13Tests.xctest */,
				2B956E7A2839750000D90284 /* appSexta13UITests.xctest */,
			);
			name = Products;
			sourceTree = "<group>";
		};
		2B956E5C283974FE00D90284 /* appSexta13 */ = {
			isa = PBXGroup;
			children = (
				2B956E5D283974FE00D90284 /* AppDelegate.swift */,
				2B956E5F283974FE00D90284 /* SceneDelegate.swift */,
				2B956E8F283975B800D90284 /* Model */,
				2B956E8E283975B300D90284 /* View */,
				2B956E8D283975AC00D90284 /* Controller */,
				2B956E66283974FF00D90284 /* Assets.xcassets */,
				2B956E68283974FF00D90284 /* LaunchScreen.storyboard */,
				2B956E6B283974FF00D90284 /* Info.plist */,
			);
			path = appSexta13;
			sourceTree = "<group>";
		};
		2B956E73283974FF00D90284 /* appSexta13Tests */ = {
			isa = PBXGroup;
			children = (
				2B956E74283974FF00D90284 /* appSexta13Tests.swift */,
			);
			path = appSexta13Tests;
			sourceTree = "<group>";
		};
		2B956E7D2839750000D90284 /* appSexta13UITests */ = {
			isa = PBXGroup;
			children = (
				2B956E7E2839750000D90284 /* appSexta13UITests.swift */,
				2B956E802839750000D90284 /* appSexta13UITestsLaunchTests.swift */,
			);
			path = appSexta13UITests;
			sourceTree = "<group>";
		};
		2B956E8D283975AC00D90284 /* Controller */ = {
			isa = PBXGroup;
			children = (
				2B956E922839769700D90284 /* HomeViewController.swift */,
				2BF3B38C283B3263006D4BF7 /* BuscaViewController */,
				2B956E962839788500D90284 /* FiltroViewController.swift */,
				2BF3B387283B0445006D4BF7 /* AmigosViewController */,
				2B956E9A283978A800D90284 /* ConfigsViewController.swift */,
			);
			path = Controller;
			sourceTree = "<group>";
		};
		2B956E8E283975B300D90284 /* View */ = {
			isa = PBXGroup;
			children = (
				2B956E9E28397D9300D90284 /* Cells */,
				2B956E63283974FE00D90284 /* Main.storyboard */,
			);
			path = View;
			sourceTree = "<group>";
		};
		2B956E8F283975B800D90284 /* Model */ = {
			isa = PBXGroup;
			children = (
				2BF3B384283AF064006D4BF7 /* Mocks */,
				2B59A1882839C35E0062F40F /* Amigo.swift */,
				2B59A1862839C1AA0062F40F /* Filme.swift */,
				2B59A18A2839C5CB0062F40F /* ServiceFilmes.swift */,
				2BF3B382283AEB5D006D4BF7 /* ServiceAmigos.swift */,
			);
			path = Model;
			sourceTree = "<group>";
		};
		2B956E9E28397D9300D90284 /* Cells */ = {
			isa = PBXGroup;
			children = (
				2B956E9C28397D8200D90284 /* FilmesHomeCollectionViewCell.swift */,
				2B59A17E28398C340062F40F /* FilmesBuscaTableViewCell.swift */,
				2B59A184283998640062F40F /* AmigoTableViewCell.swift */,
				2B59A182283993D40062F40F /* FilmesFiltroCollectionViewCell.swift */,
				2BF3B38A283B0AD2006D4BF7 /* FilmesAmigoCollectionViewCell.swift */,
			);
			path = Cells;
			sourceTree = "<group>";
		};
		2BF3B384283AF064006D4BF7 /* Mocks */ = {
			isa = PBXGroup;
			children = (
				2BF3B385283AF077006D4BF7 /* Filmes.swift */,
			);
			path = Mocks;
			sourceTree = "<group>";
		};
		2BF3B387283B0445006D4BF7 /* AmigosViewController */ = {
			isa = PBXGroup;
			children = (
				2B956E982839789900D90284 /* AmigosViewController.swift */,
				2BF3B388283B0476006D4BF7 /* InfoAmigoViewController.swift */,
			);
			path = AmigosViewController;
			sourceTree = "<group>";
		};
		2BF3B38C283B3263006D4BF7 /* BuscaViewController */ = {
			isa = PBXGroup;
			children = (
				2B956E942839782E00D90284 /* BuscaViewController.swift */,
				2BF3B38D283B328C006D4BF7 /* DetalhesFilmeViewController.swift */,
			);
			path = BuscaViewController;
			sourceTree = "<group>";
		};
/* End PBXGroup section */

/* Begin PBXNativeTarget section */
		2B956E59283974FE00D90284 /* appSexta13 */ = {
			isa = PBXNativeTarget;
			buildConfigurationList = 2B956E842839750000D90284 /* Build configuration list for PBXNativeTarget "appSexta13" */;
			buildPhases = (
				2B956E56283974FE00D90284 /* Sources */,
				2B956E57283974FE00D90284 /* Frameworks */,
				2B956E58283974FE00D90284 /* Resources */,
			);
			buildRules = (
			);
			dependencies = (
			);
			name = appSexta13;
			productName = appSexta13;
			productReference = 2B956E5A283974FE00D90284 /* appSexta13.app */;
			productType = "com.apple.product-type.application";
		};
		2B956E6F283974FF00D90284 /* appSexta13Tests */ = {
			isa = PBXNativeTarget;
			buildConfigurationList = 2B956E872839750000D90284 /* Build configuration list for PBXNativeTarget "appSexta13Tests" */;
			buildPhases = (
				2B956E6C283974FF00D90284 /* Sources */,
				2B956E6D283974FF00D90284 /* Frameworks */,
				2B956E6E283974FF00D90284 /* Resources */,
			);
			buildRules = (
			);
			dependencies = (
				2B956E72283974FF00D90284 /* PBXTargetDependency */,
			);
			name = appSexta13Tests;
			productName = appSexta13Tests;
			productReference = 2B956E70283974FF00D90284 /* appSexta13Tests.xctest */;
			productType = "com.apple.product-type.bundle.unit-test";
		};
		2B956E792839750000D90284 /* appSexta13UITests */ = {
			isa = PBXNativeTarget;
			buildConfigurationList = 2B956E8A2839750000D90284 /* Build configuration list for PBXNativeTarget "appSexta13UITests" */;
			buildPhases = (
				2B956E762839750000D90284 /* Sources */,
				2B956E772839750000D90284 /* Frameworks */,
				2B956E782839750000D90284 /* Resources */,
			);
			buildRules = (
			);
			dependencies = (
				2B956E7C2839750000D90284 /* PBXTargetDependency */,
			);
			name = appSexta13UITests;
			productName = appSexta13UITests;
			productReference = 2B956E7A2839750000D90284 /* appSexta13UITests.xctest */;
			productType = "com.apple.product-type.bundle.ui-testing";
		};
/* End PBXNativeTarget section */

/* Begin PBXProject section */
		2B956E52283974FE00D90284 /* Project object */ = {
			isa = PBXProject;
			attributes = {
				BuildIndependentTargetsInParallel = 1;
				LastSwiftUpdateCheck = 1310;
				LastUpgradeCheck = 1310;
				TargetAttributes = {
					2B956E59283974FE00D90284 = {
						CreatedOnToolsVersion = 13.1;
					};
					2B956E6F283974FF00D90284 = {
						CreatedOnToolsVersion = 13.1;
						TestTargetID = 2B956E59283974FE00D90284;
					};
					2B956E792839750000D90284 = {
						CreatedOnToolsVersion = 13.1;
						TestTargetID = 2B956E59283974FE00D90284;
					};
				};
			};
			buildConfigurationList = 2B956E55283974FE00D90284 /* Build configuration list for PBXProject "appSexta13" */;
			compatibilityVersion = "Xcode 13.0";
			developmentRegion = en;
			hasScannedForEncodings = 0;
			knownRegions = (
				en,
				Base,
			);
			mainGroup = 2B956E51283974FE00D90284;
			productRefGroup = 2B956E5B283974FE00D90284 /* Products */;
			projectDirPath = "";
			projectRoot = "";
			targets = (
				2B956E59283974FE00D90284 /* appSexta13 */,
				2B956E6F283974FF00D90284 /* appSexta13Tests */,
				2B956E792839750000D90284 /* appSexta13UITests */,
			);
		};
/* End PBXProject section */

/* Begin PBXResourcesBuildPhase section */
		2B956E58283974FE00D90284 /* Resources */ = {
			isa = PBXResourcesBuildPhase;
			buildActionMask = 2147483647;
			files = (
				2B956E6A283974FF00D90284 /* LaunchScreen.storyboard in Resources */,
				2B956E67283974FF00D90284 /* Assets.xcassets in Resources */,
				2B956E65283974FE00D90284 /* Main.storyboard in Resources */,
			);
			runOnlyForDeploymentPostprocessing = 0;
		};
		2B956E6E283974FF00D90284 /* Resources */ = {
			isa = PBXResourcesBuildPhase;
			buildActionMask = 2147483647;
			files = (
			);
			runOnlyForDeploymentPostprocessing = 0;
		};
		2B956E782839750000D90284 /* Resources */ = {
			isa = PBXResourcesBuildPhase;
			buildActionMask = 2147483647;
			files = (
			);
			runOnlyForDeploymentPostprocessing = 0;
		};
/* End PBXResourcesBuildPhase section */

/* Begin PBXSourcesBuildPhase section */
		2B956E56283974FE00D90284 /* Sources */ = {
			isa = PBXSourcesBuildPhase;
			buildActionMask = 2147483647;
			files = (
				2B59A1892839C35E0062F40F /* Amigo.swift in Sources */,
				2BF3B386283AF077006D4BF7 /* Filmes.swift in Sources */,
				2BF3B38E283B328C006D4BF7 /* DetalhesFilmeViewController.swift in Sources */,
				2B59A18B2839C5CB0062F40F /* ServiceFilmes.swift in Sources */,
				2B956E9D28397D8200D90284 /* FilmesHomeCollectionViewCell.swift in Sources */,
				2BF3B383283AEB5D006D4BF7 /* ServiceAmigos.swift in Sources */,
				2B59A1872839C1AA0062F40F /* Filme.swift in Sources */,
				2B956E972839788500D90284 /* FiltroViewController.swift in Sources */,
				2B956E5E283974FE00D90284 /* AppDelegate.swift in Sources */,
				2B956E952839782E00D90284 /* BuscaViewController.swift in Sources */,
				2B956E60283974FE00D90284 /* SceneDelegate.swift in Sources */,
				2BF3B38B283B0AD2006D4BF7 /* FilmesAmigoCollectionViewCell.swift in Sources */,
				2B956E9B283978A800D90284 /* ConfigsViewController.swift in Sources */,
				2B59A17F28398C340062F40F /* FilmesBuscaTableViewCell.swift in Sources */,
				2B59A185283998640062F40F /* AmigoTableViewCell.swift in Sources */,
				2B956E992839789900D90284 /* AmigosViewController.swift in Sources */,
				2BF3B389283B0476006D4BF7 /* InfoAmigoViewController.swift in Sources */,
				2B59A183283993D40062F40F /* FilmesFiltroCollectionViewCell.swift in Sources */,
				2B956E932839769700D90284 /* HomeViewController.swift in Sources */,
			);
			runOnlyForDeploymentPostprocessing = 0;
		};
		2B956E6C283974FF00D90284 /* Sources */ = {
			isa = PBXSourcesBuildPhase;
			buildActionMask = 2147483647;
			files = (
				2B956E75283974FF00D90284 /* appSexta13Tests.swift in Sources */,
			);
			runOnlyForDeploymentPostprocessing = 0;
		};
		2B956E762839750000D90284 /* Sources */ = {
			isa = PBXSourcesBuildPhase;
			buildActionMask = 2147483647;
			files = (
				2B956E812839750000D90284 /* appSexta13UITestsLaunchTests.swift in Sources */,
				2B956E7F2839750000D90284 /* appSexta13UITests.swift in Sources */,
			);
			runOnlyForDeploymentPostprocessing = 0;
		};
/* End PBXSourcesBuildPhase section */

/* Begin PBXTargetDependency section */
		2B956E72283974FF00D90284 /* PBXTargetDependency */ = {
			isa = PBXTargetDependency;
			target = 2B956E59283974FE00D90284 /* appSexta13 */;
			targetProxy = 2B956E71283974FF00D90284 /* PBXContainerItemProxy */;
		};
		2B956E7C2839750000D90284 /* PBXTargetDependency */ = {
			isa = PBXTargetDependency;
			target = 2B956E59283974FE00D90284 /* appSexta13 */;
			targetProxy = 2B956E7B2839750000D90284 /* PBXContainerItemProxy */;
		};
/* End PBXTargetDependency section */

/* Begin PBXVariantGroup section */
		2B956E63283974FE00D90284 /* Main.storyboard */ = {
			isa = PBXVariantGroup;
			children = (
				2B956E64283974FE00D90284 /* Base */,
			);
			name = Main.storyboard;
			sourceTree = "<group>";
		};
		2B956E68283974FF00D90284 /* LaunchScreen.storyboard */ = {
			isa = PBXVariantGroup;
			children = (
				2B956E69283974FF00D90284 /* Base */,
			);
			name = LaunchScreen.storyboard;
			sourceTree = "<group>";
		};
/* End PBXVariantGroup section */

/* Begin XCBuildConfiguration section */
		2B956E822839750000D90284 /* Debug */ = {
			isa = XCBuildConfiguration;
			buildSettings = {
				ALWAYS_SEARCH_USER_PATHS = NO;
				CLANG_ANALYZER_NONNULL = YES;
				CLANG_ANALYZER_NUMBER_OBJECT_CONVERSION = YES_AGGRESSIVE;
				CLANG_CXX_LANGUAGE_STANDARD = "gnu++17";
				CLANG_CXX_LIBRARY = "libc++";
				CLANG_ENABLE_MODULES = YES;
				CLANG_ENABLE_OBJC_ARC = YES;
				CLANG_ENABLE_OBJC_WEAK = YES;
				CLANG_WARN_BLOCK_CAPTURE_AUTORELEASING = YES;
				CLANG_WARN_BOOL_CONVERSION = YES;
				CLANG_WARN_COMMA = YES;
				CLANG_WARN_CONSTANT_CONVERSION = YES;
				CLANG_WARN_DEPRECATED_OBJC_IMPLEMENTATIONS = YES;
				CLANG_WARN_DIRECT_OBJC_ISA_USAGE = YES_ERROR;
				CLANG_WARN_DOCUMENTATION_COMMENTS = YES;
				CLANG_WARN_EMPTY_BODY = YES;
				CLANG_WARN_ENUM_CONVERSION = YES;
				CLANG_WARN_INFINITE_RECURSION = YES;
				CLANG_WARN_INT_CONVERSION = YES;
				CLANG_WARN_NON_LITERAL_NULL_CONVERSION = YES;
				CLANG_WARN_OBJC_IMPLICIT_RETAIN_SELF = YES;
				CLANG_WARN_OBJC_LITERAL_CONVERSION = YES;
				CLANG_WARN_OBJC_ROOT_CLASS = YES_ERROR;
				CLANG_WARN_QUOTED_INCLUDE_IN_FRAMEWORK_HEADER = YES;
				CLANG_WARN_RANGE_LOOP_ANALYSIS = YES;
				CLANG_WARN_STRICT_PROTOTYPES = YES;
				CLANG_WARN_SUSPICIOUS_MOVE = YES;
				CLANG_WARN_UNGUARDED_AVAILABILITY = YES_AGGRESSIVE;
				CLANG_WARN_UNREACHABLE_CODE = YES;
				CLANG_WARN__DUPLICATE_METHOD_MATCH = YES;
				COPY_PHASE_STRIP = NO;
				DEBUG_INFORMATION_FORMAT = dwarf;
				ENABLE_STRICT_OBJC_MSGSEND = YES;
				ENABLE_TESTABILITY = YES;
				GCC_C_LANGUAGE_STANDARD = gnu11;
				GCC_DYNAMIC_NO_PIC = NO;
				GCC_NO_COMMON_BLOCKS = YES;
				GCC_OPTIMIZATION_LEVEL = 0;
				GCC_PREPROCESSOR_DEFINITIONS = (
					"DEBUG=1",
					"$(inherited)",
				);
				GCC_WARN_64_TO_32_BIT_CONVERSION = YES;
				GCC_WARN_ABOUT_RETURN_TYPE = YES_ERROR;
				GCC_WARN_UNDECLARED_SELECTOR = YES;
				GCC_WARN_UNINITIALIZED_AUTOS = YES_AGGRESSIVE;
				GCC_WARN_UNUSED_FUNCTION = YES;
				GCC_WARN_UNUSED_VARIABLE = YES;
				IPHONEOS_DEPLOYMENT_TARGET = 15.0;
				MTL_ENABLE_DEBUG_INFO = INCLUDE_SOURCE;
				MTL_FAST_MATH = YES;
				ONLY_ACTIVE_ARCH = YES;
				SDKROOT = iphoneos;
				SWIFT_ACTIVE_COMPILATION_CONDITIONS = DEBUG;
				SWIFT_OPTIMIZATION_LEVEL = "-Onone";
			};
			name = Debug;
		};
		2B956E832839750000D90284 /* Release */ = {
			isa = XCBuildConfiguration;
			buildSettings = {
				ALWAYS_SEARCH_USER_PATHS = NO;
				CLANG_ANALYZER_NONNULL = YES;
				CLANG_ANALYZER_NUMBER_OBJECT_CONVERSION = YES_AGGRESSIVE;
				CLANG_CXX_LANGUAGE_STANDARD = "gnu++17";
				CLANG_CXX_LIBRARY = "libc++";
				CLANG_ENABLE_MODULES = YES;
				CLANG_ENABLE_OBJC_ARC = YES;
				CLANG_ENABLE_OBJC_WEAK = YES;
				CLANG_WARN_BLOCK_CAPTURE_AUTORELEASING = YES;
				CLANG_WARN_BOOL_CONVERSION = YES;
				CLANG_WARN_COMMA = YES;
				CLANG_WARN_CONSTANT_CONVERSION = YES;
				CLANG_WARN_DEPRECATED_OBJC_IMPLEMENTATIONS = YES;
				CLANG_WARN_DIRECT_OBJC_ISA_USAGE = YES_ERROR;
				CLANG_WARN_DOCUMENTATION_COMMENTS = YES;
				CLANG_WARN_EMPTY_BODY = YES;
				CLANG_WARN_ENUM_CONVERSION = YES;
				CLANG_WARN_INFINITE_RECURSION = YES;
				CLANG_WARN_INT_CONVERSION = YES;
				CLANG_WARN_NON_LITERAL_NULL_CONVERSION = YES;
				CLANG_WARN_OBJC_IMPLICIT_RETAIN_SELF = YES;
				CLANG_WARN_OBJC_LITERAL_CONVERSION = YES;
				CLANG_WARN_OBJC_ROOT_CLASS = YES_ERROR;
				CLANG_WARN_QUOTED_INCLUDE_IN_FRAMEWORK_HEADER = YES;
				CLANG_WARN_RANGE_LOOP_ANALYSIS = YES;
				CLANG_WARN_STRICT_PROTOTYPES = YES;
				CLANG_WARN_SUSPICIOUS_MOVE = YES;
				CLANG_WARN_UNGUARDED_AVAILABILITY = YES_AGGRESSIVE;
				CLANG_WARN_UNREACHABLE_CODE = YES;
				CLANG_WARN__DUPLICATE_METHOD_MATCH = YES;
				COPY_PHASE_STRIP = NO;
				DEBUG_INFORMATION_FORMAT = "dwarf-with-dsym";
				ENABLE_NS_ASSERTIONS = NO;
				ENABLE_STRICT_OBJC_MSGSEND = YES;
				GCC_C_LANGUAGE_STANDARD = gnu11;
				GCC_NO_COMMON_BLOCKS = YES;
				GCC_WARN_64_TO_32_BIT_CONVERSION = YES;
				GCC_WARN_ABOUT_RETURN_TYPE = YES_ERROR;
				GCC_WARN_UNDECLARED_SELECTOR = YES;
				GCC_WARN_UNINITIALIZED_AUTOS = YES_AGGRESSIVE;
				GCC_WARN_UNUSED_FUNCTION = YES;
				GCC_WARN_UNUSED_VARIABLE = YES;
				IPHONEOS_DEPLOYMENT_TARGET = 15.0;
				MTL_ENABLE_DEBUG_INFO = NO;
				MTL_FAST_MATH = YES;
				SDKROOT = iphoneos;
				SWIFT_COMPILATION_MODE = wholemodule;
				SWIFT_OPTIMIZATION_LEVEL = "-O";
				VALIDATE_PRODUCT = YES;
			};
			name = Release;
		};
		2B956E852839750000D90284 /* Debug */ = {
			isa = XCBuildConfiguration;
			buildSettings = {
				ASSETCATALOG_COMPILER_APPICON_NAME = AppIcon;
				ASSETCATALOG_COMPILER_GLOBAL_ACCENT_COLOR_NAME = AccentColor;
				CODE_SIGN_STYLE = Automatic;
				CURRENT_PROJECT_VERSION = 1;
				DEVELOPMENT_TEAM = 9879F29M9V;
				GENERATE_INFOPLIST_FILE = YES;
				INFOPLIST_FILE = appSexta13/Info.plist;
				INFOPLIST_KEY_UIApplicationSupportsIndirectInputEvents = YES;
				INFOPLIST_KEY_UILaunchStoryboardName = LaunchScreen;
				INFOPLIST_KEY_UIMainStoryboardFile = Main;
				INFOPLIST_KEY_UISupportedInterfaceOrientations_iPad = "UIInterfaceOrientationPortrait UIInterfaceOrientationPortraitUpsideDown UIInterfaceOrientationLandscapeLeft UIInterfaceOrientationLandscapeRight";
				INFOPLIST_KEY_UISupportedInterfaceOrientations_iPhone = "UIInterfaceOrientationPortrait UIInterfaceOrientationLandscapeLeft UIInterfaceOrientationLandscapeRight";
				LD_RUNPATH_SEARCH_PATHS = (
					"$(inherited)",
					"@executable_path/Frameworks",
				);
				MARKETING_VERSION = 1.0;
				PRODUCT_BUNDLE_IDENTIFIER = com.akabezerra.appSexta13;
				PRODUCT_NAME = "$(TARGET_NAME)";
				SWIFT_EMIT_LOC_STRINGS = YES;
				SWIFT_VERSION = 5.0;
				TARGETED_DEVICE_FAMILY = "1,2";
			};
			name = Debug;
		};
		2B956E862839750000D90284 /* Release */ = {
			isa = XCBuildConfiguration;
			buildSettings = {
				ASSETCATALOG_COMPILER_APPICON_NAME = AppIcon;
				ASSETCATALOG_COMPILER_GLOBAL_ACCENT_COLOR_NAME = AccentColor;
				CODE_SIGN_STYLE = Automatic;
				CURRENT_PROJECT_VERSION = 1;
				DEVELOPMENT_TEAM = 9879F29M9V;
				GENERATE_INFOPLIST_FILE = YES;
				INFOPLIST_FILE = appSexta13/Info.plist;
				INFOPLIST_KEY_UIApplicationSupportsIndirectInputEvents = YES;
				INFOPLIST_KEY_UILaunchStoryboardName = LaunchScreen;
				INFOPLIST_KEY_UIMainStoryboardFile = Main;
				INFOPLIST_KEY_UISupportedInterfaceOrientations_iPad = "UIInterfaceOrientationPortrait UIInterfaceOrientationPortraitUpsideDown UIInterfaceOrientationLandscapeLeft UIInterfaceOrientationLandscapeRight";
				INFOPLIST_KEY_UISupportedInterfaceOrientations_iPhone = "UIInterfaceOrientationPortrait UIInterfaceOrientationLandscapeLeft UIInterfaceOrientationLandscapeRight";
				LD_RUNPATH_SEARCH_PATHS = (
					"$(inherited)",
					"@executable_path/Frameworks",
				);
				MARKETING_VERSION = 1.0;
				PRODUCT_BUNDLE_IDENTIFIER = com.akabezerra.appSexta13;
				PRODUCT_NAME = "$(TARGET_NAME)";
				SWIFT_EMIT_LOC_STRINGS = YES;
				SWIFT_VERSION = 5.0;
				TARGETED_DEVICE_FAMILY = "1,2";
			};
			name = Release;
		};
		2B956E882839750000D90284 /* Debug */ = {
			isa = XCBuildConfiguration;
			buildSettings = {
				ALWAYS_EMBED_SWIFT_STANDARD_LIBRARIES = YES;
				BUNDLE_LOADER = "$(TEST_HOST)";
				CODE_SIGN_STYLE = Automatic;
				CURRENT_PROJECT_VERSION = 1;
				DEVELOPMENT_TEAM = 9879F29M9V;
				GENERATE_INFOPLIST_FILE = YES;
				IPHONEOS_DEPLOYMENT_TARGET = 15.0;
				LD_RUNPATH_SEARCH_PATHS = (
					"$(inherited)",
					"@executable_path/Frameworks",
					"@loader_path/Frameworks",
				);
				MARKETING_VERSION = 1.0;
				PRODUCT_BUNDLE_IDENTIFIER = com.akabezerra.appSexta13Tests;
				PRODUCT_NAME = "$(TARGET_NAME)";
				SWIFT_EMIT_LOC_STRINGS = NO;
				SWIFT_VERSION = 5.0;
				TARGETED_DEVICE_FAMILY = "1,2";
				TEST_HOST = "$(BUILT_PRODUCTS_DIR)/appSexta13.app/appSexta13";
			};
			name = Debug;
		};
		2B956E892839750000D90284 /* Release */ = {
			isa = XCBuildConfiguration;
			buildSettings = {
				ALWAYS_EMBED_SWIFT_STANDARD_LIBRARIES = YES;
				BUNDLE_LOADER = "$(TEST_HOST)";
				CODE_SIGN_STYLE = Automatic;
				CURRENT_PROJECT_VERSION = 1;
				DEVELOPMENT_TEAM = 9879F29M9V;
				GENERATE_INFOPLIST_FILE = YES;
				IPHONEOS_DEPLOYMENT_TARGET = 15.0;
				LD_RUNPATH_SEARCH_PATHS = (
					"$(inherited)",
					"@executable_path/Frameworks",
					"@loader_path/Frameworks",
				);
				MARKETING_VERSION = 1.0;
				PRODUCT_BUNDLE_IDENTIFIER = com.akabezerra.appSexta13Tests;
				PRODUCT_NAME = "$(TARGET_NAME)";
				SWIFT_EMIT_LOC_STRINGS = NO;
				SWIFT_VERSION = 5.0;
				TARGETED_DEVICE_FAMILY = "1,2";
				TEST_HOST = "$(BUILT_PRODUCTS_DIR)/appSexta13.app/appSexta13";
			};
			name = Release;
		};
		2B956E8B2839750000D90284 /* Debug */ = {
			isa = XCBuildConfiguration;
			buildSettings = {
				ALWAYS_EMBED_SWIFT_STANDARD_LIBRARIES = YES;
				CODE_SIGN_STYLE = Automatic;
				CURRENT_PROJECT_VERSION = 1;
				DEVELOPMENT_TEAM = 9879F29M9V;
				GENERATE_INFOPLIST_FILE = YES;
				LD_RUNPATH_SEARCH_PATHS = (
					"$(inherited)",
					"@executable_path/Frameworks",
					"@loader_path/Frameworks",
				);
				MARKETING_VERSION = 1.0;
				PRODUCT_BUNDLE_IDENTIFIER = com.akabezerra.appSexta13UITests;
				PRODUCT_NAME = "$(TARGET_NAME)";
				SWIFT_EMIT_LOC_STRINGS = NO;
				SWIFT_VERSION = 5.0;
				TARGETED_DEVICE_FAMILY = "1,2";
				TEST_TARGET_NAME = appSexta13;
			};
			name = Debug;
		};
		2B956E8C2839750000D90284 /* Release */ = {
			isa = XCBuildConfiguration;
			buildSettings = {
				ALWAYS_EMBED_SWIFT_STANDARD_LIBRARIES = YES;
				CODE_SIGN_STYLE = Automatic;
				CURRENT_PROJECT_VERSION = 1;
				DEVELOPMENT_TEAM = 9879F29M9V;
				GENERATE_INFOPLIST_FILE = YES;
				LD_RUNPATH_SEARCH_PATHS = (
					"$(inherited)",
					"@executable_path/Frameworks",
					"@loader_path/Frameworks",
				);
				MARKETING_VERSION = 1.0;
				PRODUCT_BUNDLE_IDENTIFIER = com.akabezerra.appSexta13UITests;
				PRODUCT_NAME = "$(TARGET_NAME)";
				SWIFT_EMIT_LOC_STRINGS = NO;
				SWIFT_VERSION = 5.0;
				TARGETED_DEVICE_FAMILY = "1,2";
				TEST_TARGET_NAME = appSexta13;
			};
			name = Release;
		};
/* End XCBuildConfiguration section */

/* Begin XCConfigurationList section */
		2B956E55283974FE00D90284 /* Build configuration list for PBXProject "appSexta13" */ = {
			isa = XCConfigurationList;
			buildConfigurations = (
				2B956E822839750000D90284 /* Debug */,
				2B956E832839750000D90284 /* Release */,
			);
			defaultConfigurationIsVisible = 0;
			defaultConfigurationName = Release;
		};
		2B956E842839750000D90284 /* Build configuration list for PBXNativeTarget "appSexta13" */ = {
			isa = XCConfigurationList;
			buildConfigurations = (
				2B956E852839750000D90284 /* Debug */,
				2B956E862839750000D90284 /* Release */,
			);
			defaultConfigurationIsVisible = 0;
			defaultConfigurationName = Release;
		};
		2B956E872839750000D90284 /* Build configuration list for PBXNativeTarget "appSexta13Tests" */ = {
			isa = XCConfigurationList;
			buildConfigurations = (
				2B956E882839750000D90284 /* Debug */,
				2B956E892839750000D90284 /* Release */,
			);
			defaultConfigurationIsVisible = 0;
			defaultConfigurationName = Release;
		};
		2B956E8A2839750000D90284 /* Build configuration list for PBXNativeTarget "appSexta13UITests" */ = {
			isa = XCConfigurationList;
			buildConfigurations = (
				2B956E8B2839750000D90284 /* Debug */,
				2B956E8C2839750000D90284 /* Release */,
			);
			defaultConfigurationIsVisible = 0;
			defaultConfigurationName = Release;
		};
/* End XCConfigurationList section */
	};
	rootObject = 2B956E52283974FE00D90284 /* Project object */;
}
